PODS:
  - Alamofire (4.6.0)
  - IQKeyboardManager (5.0.8)
  - SVProgressHUD (2.1.2)
  - SwiftyJSON (4.0.0)
  - SWRevealViewController (2.3.0)
  - VMaskTextField (1.0.8)

DEPENDENCIES:
  - Alamofire (~> 4.6.0)
  - IQKeyboardManager (~> 5.0.0)
  - SVProgressHUD (~> 2.1.2)
  - SwiftyJSON (~> 4.0.0)
  - SWRevealViewController (~> 2.3)
  - VMaskTextField (~> 1.0)

SPEC REPOS:
  https://github.com/cocoapods/specs.git:
    - Alamofire
    - IQKeyboardManager
    - SVProgressHUD
    - SwiftyJSON
    - SWRevealViewController
    - VMaskTextField

SPEC CHECKSUMS:
  Alamofire: f41a599bd63041760b26d393ec1069d9d7b917f4
  IQKeyboardManager: 266cb7b1d11f94a3e71229d77f960f9a1b538e5b
  SVProgressHUD: c404a55d78acbeb7ebb78b76d3faf986475a6994
  SwiftyJSON: 070dabdcb1beb81b247c65ffa3a79dbbfb3b48aa
  SWRevealViewController: 6d3fd97f70112fd7cef9de14df4260eacce4c63a
  VMaskTextField: e77fe33633f999c5c38e70bed0afece0625624a4

PODFILE CHECKSUM: 8aa44bce7878704ac88ac30f0474485f50d75d8d

COCOAPODS: 1.5.3
